
Microsoft Visual Studio Solution File, Format Version 12.00
# Visual Studio Version 17
VisualStudioVersion = 17.8.34525.116
MinimumVisualStudioVersion = 10.0.40219.1
Project("{9A19103F-16F7-4668-BE54-9A1E7A4F7556}") = "HousingDB", "HousingDB\HousingDB.csproj", "{A3824CD5-48D6-4C47-B19D-E43B1084DB51}"
EndProject
Project("{9A19103F-16F7-4668-BE54-9A1E7A4F7556}") = "HousingModel", "HousingModel\HousingModel.csproj", "{CDCFE85A-3FB7-493E-AEFA-D1E7CBB6A019}"
EndProject
Project("{9A19103F-16F7-4668-BE54-9A1E7A4F7556}") = "TestMe", "TestMe\TestMe.csproj", "{EF8152E2-947A-43D3-BBFC-07DE48EB1BB8}"
	ProjectSection(ProjectDependencies) = postProject
		{A3824CD5-48D6-4C47-B19D-E43B1084DB51} = {A3824CD5-48D6-4C47-B19D-E43B1084DB51}
	EndProjectSection
EndProject
Project("{9A19103F-16F7-4668-BE54-9A1E7A4F7556}") = "HousingBlazorApp", "HousingBlazorApp\HousingBlazorApp.csproj", "{21D07AE8-DAED-4CFD-A656-63AC33CB8F55}"
EndProject
Global
	GlobalSection(SolutionConfigurationPlatforms) = preSolution
		Debug|Any CPU = Debug|Any CPU
		Release|Any CPU = Release|Any CPU
	EndGlobalSection
	GlobalSection(ProjectConfigurationPlatforms) = postSolution
		{A3824CD5-48D6-4C47-B19D-E43B1084DB51}.Debug|Any CPU.ActiveCfg = Debug|Any CPU
		{A3824CD5-48D6-4C47-B19D-E43B1084DB51}.Debug|Any CPU.Build.0 = Debug|Any CPU
		{A3824CD5-48D6-4C47-B19D-E43B1084DB51}.Release|Any CPU.ActiveCfg = Release|Any CPU
		{A3824CD5-48D6-4C47-B19D-E43B1084DB51}.Release|Any CPU.Build.0 = Release|Any CPU
		{CDCFE85A-3FB7-493E-AEFA-D1E7CBB6A019}.Debug|Any CPU.ActiveCfg = Debug|Any CPU
		{CDCFE85A-3FB7-493E-AEFA-D1E7CBB6A019}.Debug|Any CPU.Build.0 = Debug|Any CPU
		{CDCFE85A-3FB7-493E-AEFA-D1E7CBB6A019}.Release|Any CPU.ActiveCfg = Release|Any CPU
		{CDCFE85A-3FB7-493E-AEFA-D1E7CBB6A019}.Release|Any CPU.Build.0 = Release|Any CPU
		{EF8152E2-947A-43D3-BBFC-07DE48EB1BB8}.Debug|Any CPU.ActiveCfg = Debug|Any CPU
		{EF8152E2-947A-43D3-BBFC-07DE48EB1BB8}.Debug|Any CPU.Build.0 = Debug|Any CPU
		{EF8152E2-947A-43D3-BBFC-07DE48EB1BB8}.Release|Any CPU.ActiveCfg = Release|Any CPU
		{EF8152E2-947A-43D3-BBFC-07DE48EB1BB8}.Release|Any CPU.Build.0 = Release|Any CPU
		{21D07AE8-DAED-4CFD-A656-63AC33CB8F55}.Debug|Any CPU.ActiveCfg = Debug|Any CPU
		{21D07AE8-DAED-4CFD-A656-63AC33CB8F55}.Debug|Any CPU.Build.0 = Debug|Any CPU
		{21D07AE8-DAED-4CFD-A656-63AC33CB8F55}.Release|Any CPU.ActiveCfg = Release|Any CPU
		{21D07AE8-DAED-4CFD-A656-63AC33CB8F55}.Release|Any CPU.Build.0 = Release|Any CPU
	EndGlobalSection
	GlobalSection(SolutionProperties) = preSolution
		HideSolutionNode = FALSE
	EndGlobalSection
	GlobalSection(ExtensibilityGlobals) = postSolution
		SolutionGuid = {66A4E652-A0E0-44B8-8784-723D27F491DB}
	EndGlobalSection
EndGlobal
